
Microsoft Visual Studio Solution File, Format Version 12.00
# Visual Studio Version 16
VisualStudioVersion = 25.0.1705.0
MinimumVisualStudioVersion = 10.0.40219.1
Project("{FAE04EC0-301F-11D3-BF4B-00C04F79EFBC}") = "MthodsRecapOne", "MthodsRecapOne\MthodsRecapOne.csproj", "{4DA9E5A6-641E-4EBA-A70A-F1FEB9973954}"
EndProject
Global
	GlobalSection(SolutionConfigurationPlatforms) = preSolution
		Debug|Any CPU = Debug|Any CPU
		Release|Any CPU = Release|Any CPU
	EndGlobalSection
	GlobalSection(ProjectConfigurationPlatforms) = postSolution
		{4DA9E5A6-641E-4EBA-A70A-F1FEB9973954}.Debug|Any CPU.ActiveCfg = Debug|Any CPU
		{4DA9E5A6-641E-4EBA-A70A-F1FEB9973954}.Debug|Any CPU.Build.0 = Debug|Any CPU
		{4DA9E5A6-641E-4EBA-A70A-F1FEB9973954}.Release|Any CPU.ActiveCfg = Release|Any CPU
		{4DA9E5A6-641E-4EBA-A70A-F1FEB9973954}.Release|Any CPU.Build.0 = Release|Any CPU
	EndGlobalSection
	GlobalSection(SolutionProperties) = preSolution
		HideSolutionNode = FALSE
	EndGlobalSection
	GlobalSection(ExtensibilityGlobals) = postSolution
		SolutionGuid = {C0202739-B97F-4D97-A8D5-22141879F90A}
	EndGlobalSection
EndGlobal
