
Microsoft Visual Studio Solution File, Format Version 12.00
# Visual Studio Version 16
VisualStudioVersion = 25.0.1705.0
MinimumVisualStudioVersion = 10.0.40219.1
Project("{FAE04EC0-301F-11D3-BF4B-00C04F79EFBC}") = "RectangleApp", "RectangleApp\RectangleApp.csproj", "{03B24E00-F2F4-43CB-818F-D225A1EA5FA9}"
EndProject
Global
	GlobalSection(SolutionConfigurationPlatforms) = preSolution
		Debug|Any CPU = Debug|Any CPU
		Release|Any CPU = Release|Any CPU
	EndGlobalSection
	GlobalSection(ProjectConfigurationPlatforms) = postSolution
		{03B24E00-F2F4-43CB-818F-D225A1EA5FA9}.Debug|Any CPU.ActiveCfg = Debug|Any CPU
		{03B24E00-F2F4-43CB-818F-D225A1EA5FA9}.Debug|Any CPU.Build.0 = Debug|Any CPU
		{03B24E00-F2F4-43CB-818F-D225A1EA5FA9}.Release|Any CPU.ActiveCfg = Release|Any CPU
		{03B24E00-F2F4-43CB-818F-D225A1EA5FA9}.Release|Any CPU.Build.0 = Release|Any CPU
	EndGlobalSection
	GlobalSection(SolutionProperties) = preSolution
		HideSolutionNode = FALSE
	EndGlobalSection
	GlobalSection(ExtensibilityGlobals) = postSolution
		SolutionGuid = {4B57877D-3DD6-444C-AE41-3614E442AB86}
	EndGlobalSection
EndGlobal
