
Microsoft Visual Studio Solution File, Format Version 12.00
# Visual Studio Version 16
VisualStudioVersion = 25.0.1705.0
MinimumVisualStudioVersion = 10.0.40219.1
Project("{FAE04EC0-301F-11D3-BF4B-00C04F79EFBC}") = "POEPart1", "POEPart1\POEPart1.csproj", "{06D2D361-C135-4AFD-A954-F4B9C8B2DA8F}"
EndProject
Global
	GlobalSection(SolutionConfigurationPlatforms) = preSolution
		Debug|Any CPU = Debug|Any CPU
		Release|Any CPU = Release|Any CPU
	EndGlobalSection
	GlobalSection(ProjectConfigurationPlatforms) = postSolution
		{06D2D361-C135-4AFD-A954-F4B9C8B2DA8F}.Debug|Any CPU.ActiveCfg = Debug|Any CPU
		{06D2D361-C135-4AFD-A954-F4B9C8B2DA8F}.Debug|Any CPU.Build.0 = Debug|Any CPU
		{06D2D361-C135-4AFD-A954-F4B9C8B2DA8F}.Release|Any CPU.ActiveCfg = Release|Any CPU
		{06D2D361-C135-4AFD-A954-F4B9C8B2DA8F}.Release|Any CPU.Build.0 = Release|Any CPU
	EndGlobalSection
	GlobalSection(SolutionProperties) = preSolution
		HideSolutionNode = FALSE
	EndGlobalSection
	GlobalSection(ExtensibilityGlobals) = postSolution
		SolutionGuid = {D75ED264-70F6-4272-B260-7BB31C20718F}
	EndGlobalSection
EndGlobal
