
Microsoft Visual Studio Solution File, Format Version 12.00
# Visual Studio Version 16
VisualStudioVersion = 25.0.1705.0
MinimumVisualStudioVersion = 10.0.40219.1
Project("{FAE04EC0-301F-11D3-BF4B-00C04F79EFBC}") = "IceTaskOne", "IceTaskOne\IceTaskOne.csproj", "{9EBC70BD-D934-4C2D-9D19-19FF2DD3BD07}"
EndProject
Global
	GlobalSection(SolutionConfigurationPlatforms) = preSolution
		Debug|Any CPU = Debug|Any CPU
		Release|Any CPU = Release|Any CPU
	EndGlobalSection
	GlobalSection(ProjectConfigurationPlatforms) = postSolution
		{9EBC70BD-D934-4C2D-9D19-19FF2DD3BD07}.Debug|Any CPU.ActiveCfg = Debug|Any CPU
		{9EBC70BD-D934-4C2D-9D19-19FF2DD3BD07}.Debug|Any CPU.Build.0 = Debug|Any CPU
		{9EBC70BD-D934-4C2D-9D19-19FF2DD3BD07}.Release|Any CPU.ActiveCfg = Release|Any CPU
		{9EBC70BD-D934-4C2D-9D19-19FF2DD3BD07}.Release|Any CPU.Build.0 = Release|Any CPU
	EndGlobalSection
	GlobalSection(SolutionProperties) = preSolution
		HideSolutionNode = FALSE
	EndGlobalSection
	GlobalSection(ExtensibilityGlobals) = postSolution
		SolutionGuid = {49643831-25D2-4F51-BD91-235B7DD7B782}
	EndGlobalSection
EndGlobal
