
Microsoft Visual Studio Solution File, Format Version 12.00
# Visual Studio Version 16
VisualStudioVersion = 25.0.1706.0
MinimumVisualStudioVersion = 10.0.40219.1
Project("{FAE04EC0-301F-11D3-BF4B-00C04F79EFBC}") = "DSBasicOne", "DSBasicOne\DSBasicOne.csproj", "{590520BF-A80E-449B-AC7E-0E53EB9BC492}"
EndProject
Global
	GlobalSection(SolutionConfigurationPlatforms) = preSolution
		Debug|Any CPU = Debug|Any CPU
		Release|Any CPU = Release|Any CPU
	EndGlobalSection
	GlobalSection(ProjectConfigurationPlatforms) = postSolution
		{590520BF-A80E-449B-AC7E-0E53EB9BC492}.Debug|Any CPU.ActiveCfg = Debug|Any CPU
		{590520BF-A80E-449B-AC7E-0E53EB9BC492}.Debug|Any CPU.Build.0 = Debug|Any CPU
		{590520BF-A80E-449B-AC7E-0E53EB9BC492}.Release|Any CPU.ActiveCfg = Release|Any CPU
		{590520BF-A80E-449B-AC7E-0E53EB9BC492}.Release|Any CPU.Build.0 = Release|Any CPU
	EndGlobalSection
	GlobalSection(SolutionProperties) = preSolution
		HideSolutionNode = FALSE
	EndGlobalSection
	GlobalSection(ExtensibilityGlobals) = postSolution
		SolutionGuid = {B3D1FE2D-E3DB-4DF0-BAD0-882FD3B763E9}
	EndGlobalSection
EndGlobal
