
Microsoft Visual Studio Solution File, Format Version 12.00
# Visual Studio Version 16
VisualStudioVersion = 25.0.1705.0
MinimumVisualStudioVersion = 10.0.40219.1
Project("{FAE04EC0-301F-11D3-BF4B-00C04F79EFBC}") = "testCloud", "testCloud\testCloud.csproj", "{06958CF8-D11D-4B06-9201-ED7BA0397609}"
EndProject
Global
	GlobalSection(SolutionConfigurationPlatforms) = preSolution
		Debug|Any CPU = Debug|Any CPU
		Release|Any CPU = Release|Any CPU
	EndGlobalSection
	GlobalSection(ProjectConfigurationPlatforms) = postSolution
		{06958CF8-D11D-4B06-9201-ED7BA0397609}.Debug|Any CPU.ActiveCfg = Debug|Any CPU
		{06958CF8-D11D-4B06-9201-ED7BA0397609}.Debug|Any CPU.Build.0 = Debug|Any CPU
		{06958CF8-D11D-4B06-9201-ED7BA0397609}.Release|Any CPU.ActiveCfg = Release|Any CPU
		{06958CF8-D11D-4B06-9201-ED7BA0397609}.Release|Any CPU.Build.0 = Release|Any CPU
	EndGlobalSection
	GlobalSection(SolutionProperties) = preSolution
		HideSolutionNode = FALSE
	EndGlobalSection
	GlobalSection(ExtensibilityGlobals) = postSolution
		SolutionGuid = {1C2E6733-A678-46D4-BA2F-01B1E8420751}
	EndGlobalSection
EndGlobal
